
Microsoft Visual Studio Solution File, Format Version 12.00
# Visual Studio Version 16
VisualStudioVersion = 16.0.31410.357
MinimumVisualStudioVersion = 10.0.40219.1
Project("{FAE04EC0-301F-11D3-BF4B-00C04F79EFBC}") = "Spacemaker", "Spacemaker\Spacemaker.csproj", "{FE52F136-77B5-4986-B5F3-072AB308D826}"
EndProject
Global
	GlobalSection(SolutionConfigurationPlatforms) = preSolution
		Debug|Any CPU = Debug|Any CPU
		Release|Any CPU = Release|Any CPU
	EndGlobalSection
	GlobalSection(ProjectConfigurationPlatforms) = postSolution
		{FE52F136-77B5-4986-B5F3-072AB308D826}.Debug|Any CPU.ActiveCfg = Debug|Any CPU
		{FE52F136-77B5-4986-B5F3-072AB308D826}.Debug|Any CPU.Build.0 = Debug|Any CPU
		{FE52F136-77B5-4986-B5F3-072AB308D826}.Release|Any CPU.ActiveCfg = Release|Any CPU
		{FE52F136-77B5-4986-B5F3-072AB308D826}.Release|Any CPU.Build.0 = Release|Any CPU
	EndGlobalSection
	GlobalSection(SolutionProperties) = preSolution
		HideSolutionNode = FALSE
	EndGlobalSection
	GlobalSection(ExtensibilityGlobals) = postSolution
		SolutionGuid = {AEC2F710-1785-4038-83FE-3CA56412F374}
	EndGlobalSection
EndGlobal
